// !$*UTF8*$!
{
	archiveVersion = 1;
	classes = {
	};
	objectVersion = 55;
	objects = {

/* Begin PBXBuildFile section */
		10B6817428249E3D00A7B823 /* Pups Sticker Pack StickerPackExtension.appex in Embed App Extensions */ = {isa = PBXBuildFile; fileRef = 10B6817328249E3D00A7B823 /* Pups Sticker Pack StickerPackExtension.appex */; settings = {ATTRIBUTES = (RemoveHeadersOnCopy, ); }; };
		10B6817828249E3D00A7B823 /* Stickers.xcstickers in Resources */ = {isa = PBXBuildFile; fileRef = 10B6817728249E3D00A7B823 /* Stickers.xcstickers */; };
		10B6817928249E3D00A7B823 /* Stickers.xcstickers in Resources */ = {isa = PBXBuildFile; fileRef = 10B6817728249E3D00A7B823 /* Stickers.xcstickers */; };
/* End PBXBuildFile section */

/* Begin PBXContainerItemProxy section */
		10B6817528249E3D00A7B823 /* PBXContainerItemProxy */ = {
			isa = PBXContainerItemProxy;
			containerPortal = 10B6816928249E3D00A7B823 /* Project object */;
			proxyType = 1;
			remoteGlobalIDString = 10B6817228249E3D00A7B823;
			remoteInfo = "Pups Sticker Pack StickerPackExtension";
		};
/* End PBXContainerItemProxy section */

/* Begin PBXCopyFilesBuildPhase section */
		10B6817F28249E3D00A7B823 /* Embed App Extensions */ = {
			isa = PBXCopyFilesBuildPhase;
			buildActionMask = 2147483647;
			dstPath = "";
			dstSubfolderSpec = 13;
			files = (
				10B6817428249E3D00A7B823 /* Pups Sticker Pack StickerPackExtension.appex in Embed App Extensions */,
			);
			name = "Embed App Extensions";
			runOnlyForDeploymentPostprocessing = 0;
		};
/* End PBXCopyFilesBuildPhase section */

/* Begin PBXFileReference section */
		10B6816F28249E3D00A7B823 /* Pups Sticker Pack.app */ = {isa = PBXFileReference; explicitFileType = wrapper.application; includeInIndex = 0; path = "Pups Sticker Pack.app"; sourceTree = BUILT_PRODUCTS_DIR; };
		10B6817328249E3D00A7B823 /* Pups Sticker Pack StickerPackExtension.appex */ = {isa = PBXFileReference; explicitFileType = "wrapper.app-extension"; includeInIndex = 0; path = "Pups Sticker Pack StickerPackExtension.appex"; sourceTree = BUILT_PRODUCTS_DIR; };
		10B6817728249E3D00A7B823 /* Stickers.xcstickers */ = {isa = PBXFileReference; lastKnownFileType = folder.stickers; name = Stickers.xcstickers; path = "Pups Sticker Pack StickerPackExtension/Stickers.xcstickers"; sourceTree = "<group>"; };
/* End PBXFileReference section */

/* Begin PBXGroup section */
		10B6816828249E3D00A7B823 = {
			isa = PBXGroup;
			children = (
				10B6817728249E3D00A7B823 /* Stickers.xcstickers */,
				10B6817028249E3D00A7B823 /* Products */,
			);
			sourceTree = "<group>";
		};
		10B6817028249E3D00A7B823 /* Products */ = {
			isa = PBXGroup;
			children = (
				10B6816F28249E3D00A7B823 /* Pups Sticker Pack.app */,
				10B6817328249E3D00A7B823 /* Pups Sticker Pack StickerPackExtension.appex */,
			);
			name = Products;
			sourceTree = "<group>";
		};
/* End PBXGroup section */

/* Begin PBXNativeTarget section */
		10B6816E28249E3D00A7B823 /* Pups Sticker Pack */ = {
			isa = PBXNativeTarget;
			buildConfigurationList = 10B6818028249E3D00A7B823 /* Build configuration list for PBXNativeTarget "Pups Sticker Pack" */;
			buildPhases = (
				10B6816D28249E3D00A7B823 /* Resources */,
				10B6817F28249E3D00A7B823 /* Embed App Extensions */,
			);
			buildRules = (
			);
			dependencies = (
				10B6817628249E3D00A7B823 /* PBXTargetDependency */,
			);
			name = "Pups Sticker Pack";
			productName = "Pups Sticker Pack";
			productReference = 10B6816F28249E3D00A7B823 /* Pups Sticker Pack.app */;
			productType = "com.apple.product-type.application.messages";
		};
		10B6817228249E3D00A7B823 /* Pups Sticker Pack StickerPackExtension */ = {
			isa = PBXNativeTarget;
			buildConfigurationList = 10B6817C28249E3D00A7B823 /* Build configuration list for PBXNativeTarget "Pups Sticker Pack StickerPackExtension" */;
			buildPhases = (
				10B6817128249E3D00A7B823 /* Resources */,
			);
			buildRules = (
			);
			dependencies = (
			);
			name = "Pups Sticker Pack StickerPackExtension";
			productName = "Pups Sticker Pack StickerPackExtension";
			productReference = 10B6817328249E3D00A7B823 /* Pups Sticker Pack StickerPackExtension.appex */;
			productType = "com.apple.product-type.app-extension.messages-sticker-pack";
		};
/* End PBXNativeTarget section */

/* Begin PBXProject section */
		10B6816928249E3D00A7B823 /* Project object */ = {
			isa = PBXProject;
			attributes = {
				BuildIndependentTargetsInParallel = 1;
				LastUpgradeCheck = 1330;
				TargetAttributes = {
					10B6816E28249E3D00A7B823 = {
						CreatedOnToolsVersion = 13.3.1;
					};
					10B6817228249E3D00A7B823 = {
						CreatedOnToolsVersion = 13.3.1;
					};
				};
			};
			buildConfigurationList = 10B6816C28249E3D00A7B823 /* Build configuration list for PBXProject "Pups Sticker Pack" */;
			compatibilityVersion = "Xcode 13.0";
			developmentRegion = en;
			hasScannedForEncodings = 0;
			knownRegions = (
				en,
				Base,
			);
			mainGroup = 10B6816828249E3D00A7B823;
			productRefGroup = 10B6817028249E3D00A7B823 /* Products */;
			projectDirPath = "";
			projectRoot = "";
			targets = (
				10B6816E28249E3D00A7B823 /* Pups Sticker Pack */,
				10B6817228249E3D00A7B823 /* Pups Sticker Pack StickerPackExtension */,
			);
		};
/* End PBXProject section */

/* Begin PBXResourcesBuildPhase section */
		10B6816D28249E3D00A7B823 /* Resources */ = {
			isa = PBXResourcesBuildPhase;
			buildActionMask = 2147483647;
			files = (
				10B6817928249E3D00A7B823 /* Stickers.xcstickers in Resources */,
			);
			runOnlyForDeploymentPostprocessing = 0;
		};
		10B6817128249E3D00A7B823 /* Resources */ = {
			isa = PBXResourcesBuildPhase;
			buildActionMask = 2147483647;
			files = (
				10B6817828249E3D00A7B823 /* Stickers.xcstickers in Resources */,
			);
			runOnlyForDeploymentPostprocessing = 0;
		};
/* End PBXResourcesBuildPhase section */

/* Begin PBXTargetDependency section */
		10B6817628249E3D00A7B823 /* PBXTargetDependency */ = {
			isa = PBXTargetDependency;
			target = 10B6817228249E3D00A7B823 /* Pups Sticker Pack StickerPackExtension */;
			targetProxy = 10B6817528249E3D00A7B823 /* PBXContainerItemProxy */;
		};
/* End PBXTargetDependency section */

/* Begin XCBuildConfiguration section */
		10B6817A28249E3D00A7B823 /* Debug */ = {
			isa = XCBuildConfiguration;
			buildSettings = {
				ALWAYS_SEARCH_USER_PATHS = NO;
				CLANG_ANALYZER_NONNULL = YES;
				CLANG_ANALYZER_NUMBER_OBJECT_CONVERSION = YES_AGGRESSIVE;
				CLANG_CXX_LANGUAGE_STANDARD = "gnu++17";
				CLANG_ENABLE_MODULES = YES;
				CLANG_ENABLE_OBJC_ARC = YES;
				CLANG_ENABLE_OBJC_WEAK = YES;
				CLANG_WARN_BLOCK_CAPTURE_AUTORELEASING = YES;
				CLANG_WARN_BOOL_CONVERSION = YES;
				CLANG_WARN_COMMA = YES;
				CLANG_WARN_CONSTANT_CONVERSION = YES;
				CLANG_WARN_DEPRECATED_OBJC_IMPLEMENTATIONS = YES;
				CLANG_WARN_DIRECT_OBJC_ISA_USAGE = YES_ERROR;
				CLANG_WARN_DOCUMENTATION_COMMENTS = YES;
				CLANG_WARN_EMPTY_BODY = YES;
				CLANG_WARN_ENUM_CONVERSION = YES;
				CLANG_WARN_INFINITE_RECURSION = YES;
				CLANG_WARN_INT_CONVERSION = YES;
				CLANG_WARN_NON_LITERAL_NULL_CONVERSION = YES;
				CLANG_WARN_OBJC_IMPLICIT_RETAIN_SELF = YES;
				CLANG_WARN_OBJC_LITERAL_CONVERSION = YES;
				CLANG_WARN_OBJC_ROOT_CLASS = YES_ERROR;
				CLANG_WARN_QUOTED_INCLUDE_IN_FRAMEWORK_HEADER = YES;
				CLANG_WARN_RANGE_LOOP_ANALYSIS = YES;
				CLANG_WARN_STRICT_PROTOTYPES = YES;
				CLANG_WARN_SUSPICIOUS_MOVE = YES;
				CLANG_WARN_UNGUARDED_AVAILABILITY = YES_AGGRESSIVE;
				CLANG_WARN_UNREACHABLE_CODE = YES;
				CLANG_WARN__DUPLICATE_METHOD_MATCH = YES;
				COPY_PHASE_STRIP = NO;
				DEBUG_INFORMATION_FORMAT = dwarf;
				ENABLE_STRICT_OBJC_MSGSEND = YES;
				ENABLE_TESTABILITY = YES;
				GCC_C_LANGUAGE_STANDARD = gnu11;
				GCC_DYNAMIC_NO_PIC = NO;
				GCC_NO_COMMON_BLOCKS = YES;
				GCC_OPTIMIZATION_LEVEL = 0;
				GCC_PREPROCESSOR_DEFINITIONS = (
					"DEBUG=1",
					"$(inherited)",
				);
				GCC_WARN_64_TO_32_BIT_CONVERSION = YES;
				GCC_WARN_ABOUT_RETURN_TYPE = YES_ERROR;
				GCC_WARN_UNDECLARED_SELECTOR = YES;
				GCC_WARN_UNINITIALIZED_AUTOS = YES_AGGRESSIVE;
				GCC_WARN_UNUSED_FUNCTION = YES;
				GCC_WARN_UNUSED_VARIABLE = YES;
				IPHONEOS_DEPLOYMENT_TARGET = 15.4;
				MTL_ENABLE_DEBUG_INFO = INCLUDE_SOURCE;
				MTL_FAST_MATH = YES;
				ONLY_ACTIVE_ARCH = YES;
				SDKROOT = iphoneos;
			};
			name = Debug;
		};
		10B6817B28249E3D00A7B823 /* Release */ = {
			isa = XCBuildConfiguration;
			buildSettings = {
				ALWAYS_SEARCH_USER_PATHS = NO;
				CLANG_ANALYZER_NONNULL = YES;
				CLANG_ANALYZER_NUMBER_OBJECT_CONVERSION = YES_AGGRESSIVE;
				CLANG_CXX_LANGUAGE_STANDARD = "gnu++17";
				CLANG_ENABLE_MODULES = YES;
				CLANG_ENABLE_OBJC_ARC = YES;
				CLANG_ENABLE_OBJC_WEAK = YES;
				CLANG_WARN_BLOCK_CAPTURE_AUTORELEASING = YES;
				CLANG_WARN_BOOL_CONVERSION = YES;
				CLANG_WARN_COMMA = YES;
				CLANG_WARN_CONSTANT_CONVERSION = YES;
				CLANG_WARN_DEPRECATED_OBJC_IMPLEMENTATIONS = YES;
				CLANG_WARN_DIRECT_OBJC_ISA_USAGE = YES_ERROR;
				CLANG_WARN_DOCUMENTATION_COMMENTS = YES;
				CLANG_WARN_EMPTY_BODY = YES;
				CLANG_WARN_ENUM_CONVERSION = YES;
				CLANG_WARN_INFINITE_RECURSION = YES;
				CLANG_WARN_INT_CONVERSION = YES;
				CLANG_WARN_NON_LITERAL_NULL_CONVERSION = YES;
				CLANG_WARN_OBJC_IMPLICIT_RETAIN_SELF = YES;
				CLANG_WARN_OBJC_LITERAL_CONVERSION = YES;
				CLANG_WARN_OBJC_ROOT_CLASS = YES_ERROR;
				CLANG_WARN_QUOTED_INCLUDE_IN_FRAMEWORK_HEADER = YES;
				CLANG_WARN_RANGE_LOOP_ANALYSIS = YES;
				CLANG_WARN_STRICT_PROTOTYPES = YES;
				CLANG_WARN_SUSPICIOUS_MOVE = YES;
				CLANG_WARN_UNGUARDED_AVAILABILITY = YES_AGGRESSIVE;
				CLANG_WARN_UNREACHABLE_CODE = YES;
				CLANG_WARN__DUPLICATE_METHOD_MATCH = YES;
				COPY_PHASE_STRIP = NO;
				DEBUG_INFORMATION_FORMAT = "dwarf-with-dsym";
				ENABLE_NS_ASSERTIONS = NO;
				ENABLE_STRICT_OBJC_MSGSEND = YES;
				GCC_C_LANGUAGE_STANDARD = gnu11;
				GCC_NO_COMMON_BLOCKS = YES;
				GCC_WARN_64_TO_32_BIT_CONVERSION = YES;
				GCC_WARN_ABOUT_RETURN_TYPE = YES_ERROR;
				GCC_WARN_UNDECLARED_SELECTOR = YES;
				GCC_WARN_UNINITIALIZED_AUTOS = YES_AGGRESSIVE;
				GCC_WARN_UNUSED_FUNCTION = YES;
				GCC_WARN_UNUSED_VARIABLE = YES;
				IPHONEOS_DEPLOYMENT_TARGET = 15.4;
				MTL_ENABLE_DEBUG_INFO = NO;
				MTL_FAST_MATH = YES;
				SDKROOT = iphoneos;
				VALIDATE_PRODUCT = YES;
			};
			name = Release;
		};
		10B6817D28249E3D00A7B823 /* Debug */ = {
			isa = XCBuildConfiguration;
			buildSettings = {
				ASSETCATALOG_COMPILER_APPICON_NAME = "iMessage App Icon";
				CODE_SIGN_STYLE = Automatic;
				CURRENT_PROJECT_VERSION = 1;
				DEVELOPMENT_TEAM = RNM29KLRY5;
				GENERATE_INFOPLIST_FILE = YES;
				INFOPLIST_FILE = "Pups Sticker Pack StickerPackExtension/Info.plist";
				IPHONEOS_DEPLOYMENT_TARGET = 10.0;
				MARKETING_VERSION = 1.0;
				PRODUCT_BUNDLE_IDENTIFIER = "asdfng.info.Pups-Sticker-Pack.StickerPackExtension";
				PRODUCT_NAME = "$(TARGET_NAME)";
				SKIP_INSTALL = YES;
				SWIFT_EMIT_LOC_STRINGS = YES;
				TARGETED_DEVICE_FAMILY = "1,2";
			};
			name = Debug;
		};
		10B6817E28249E3D00A7B823 /* Release */ = {
			isa = XCBuildConfiguration;
			buildSettings = {
				ASSETCATALOG_COMPILER_APPICON_NAME = "iMessage App Icon";
				CODE_SIGN_STYLE = Automatic;
				CURRENT_PROJECT_VERSION = 1;
				DEVELOPMENT_TEAM = RNM29KLRY5;
				GENERATE_INFOPLIST_FILE = YES;
				INFOPLIST_FILE = "Pups Sticker Pack StickerPackExtension/Info.plist";
				IPHONEOS_DEPLOYMENT_TARGET = 10.0;
				MARKETING_VERSION = 1.0;
				PRODUCT_BUNDLE_IDENTIFIER = "asdfng.info.Pups-Sticker-Pack.StickerPackExtension";
				PRODUCT_NAME = "$(TARGET_NAME)";
				SKIP_INSTALL = YES;
				SWIFT_EMIT_LOC_STRINGS = YES;
				TARGETED_DEVICE_FAMILY = "1,2";
			};
			name = Release;
		};
		10B6818128249E3D00A7B823 /* Debug */ = {
			isa = XCBuildConfiguration;
			buildSettings = {
				ASSETCATALOG_COMPILER_APPICON_NAME = "iMessage App Icon";
				CODE_SIGN_STYLE = Automatic;
				CURRENT_PROJECT_VERSION = 1;
				DEVELOPMENT_TEAM = RNM29KLRY5;
				GENERATE_INFOPLIST_FILE = YES;
				INFOPLIST_FILE = "Pups Sticker Pack/Info.plist";
				IPHONEOS_DEPLOYMENT_TARGET = 10.0;
				MARKETING_VERSION = 1.0;
				PRODUCT_BUNDLE_IDENTIFIER = "asdfng.info.Pups-Sticker-Pack";
				PRODUCT_NAME = "$(TARGET_NAME)";
				SWIFT_EMIT_LOC_STRINGS = YES;
				TARGETED_DEVICE_FAMILY = "1,2";
			};
			name = Debug;
		};
		10B6818228249E3D00A7B823 /* Release */ = {
			isa = XCBuildConfiguration;
			buildSettings = {
				ASSETCATALOG_COMPILER_APPICON_NAME = "iMessage App Icon";
				CODE_SIGN_STYLE = Automatic;
				CURRENT_PROJECT_VERSION = 1;
				DEVELOPMENT_TEAM = RNM29KLRY5;
				GENERATE_INFOPLIST_FILE = YES;
				INFOPLIST_FILE = "Pups Sticker Pack/Info.plist";
				IPHONEOS_DEPLOYMENT_TARGET = 10.0;
				MARKETING_VERSION = 1.0;
				PRODUCT_BUNDLE_IDENTIFIER = "asdfng.info.Pups-Sticker-Pack";
				PRODUCT_NAME = "$(TARGET_NAME)";
				SWIFT_EMIT_LOC_STRINGS = YES;
				TARGETED_DEVICE_FAMILY = "1,2";
			};
			name = Release;
		};
/* End XCBuildConfiguration section */

/* Begin XCConfigurationList section */
		10B6816C28249E3D00A7B823 /* Build configuration list for PBXProject "Pups Sticker Pack" */ = {
			isa = XCConfigurationList;
			buildConfigurations = (
				10B6817A28249E3D00A7B823 /* Debug */,
				10B6817B28249E3D00A7B823 /* Release */,
			);
			defaultConfigurationIsVisible = 0;
			defaultConfigurationName = Release;
		};
		10B6817C28249E3D00A7B823 /* Build configuration list for PBXNativeTarget "Pups Sticker Pack StickerPackExtension" */ = {
			isa = XCConfigurationList;
			buildConfigurations = (
				10B6817D28249E3D00A7B823 /* Debug */,
				10B6817E28249E3D00A7B823 /* Release */,
			);
			defaultConfigurationIsVisible = 0;
			defaultConfigurationName = Release;
		};
		10B6818028249E3D00A7B823 /* Build configuration list for PBXNativeTarget "Pups Sticker Pack" */ = {
			isa = XCConfigurationList;
			buildConfigurations = (
				10B6818128249E3D00A7B823 /* Debug */,
				10B6818228249E3D00A7B823 /* Release */,
			);
			defaultConfigurationIsVisible = 0;
			defaultConfigurationName = Release;
		};
/* End XCConfigurationList section */
	};
	rootObject = 10B6816928249E3D00A7B823 /* Project object */;
}
